// !$*UTF8*$!
{
	archiveVersion = 1;
	classes = {
	};
	objectVersion = 54;
	objects = {

/* Begin PBXBuildFile section */
		04997BB196E70334FCAB6309 /* TransactionDetailView.swift in Sources */ = {isa = PBXBuildFile; fileRef = 085C0EE5BADBBCA07F439148 /* TransactionDetailView.swift */; };
		2891E6B15CA447B7860B5669 /* HomeView.swift in Sources */ = {isa = PBXBuildFile; fileRef = 39FF4A03EC6191CD347369E8 /* HomeView.swift */; };
		31F183A17E927D4426E50D05 /* SettingsView.swift in Sources */ = {isa = PBXBuildFile; fileRef = 9228F0B9C05104457B56DBCA /* SettingsView.swift */; };
		3CBB372F190A7FBD9A7A76D7 /* app-icon.svg in Resources */ = {isa = PBXBuildFile; fileRef = 11B4B6CB8C31DC2E3ECB4731 /* app-icon.svg */; };
		43116626E522C505A2D44793 /* Transaction.swift in Sources */ = {isa = PBXBuildFile; fileRef = 9B6D5E2292CCF3050467425D /* Transaction.swift */; };
		4B6ACD1C8888989FECA652FC /* AddTransactionView.swift in Sources */ = {isa = PBXBuildFile; fileRef = C9F4DF185A803D70E7DE2A20 /* AddTransactionView.swift */; };
		5FB22C259021D2428B6C7696 /* Category.swift in Sources */ = {isa = PBXBuildFile; fileRef = 47734E66339192F8DCB8A0D8 /* Category.swift */; };
		759D4949CF901195010E688C /* BookkeepingApp.swift in Sources */ = {isa = PBXBuildFile; fileRef = 8FCEF297A306B59E1253F86C /* BookkeepingApp.swift */; };
		84F328E7ED80BBD38DF4900E /* MainTabView.swift in Sources */ = {isa = PBXBuildFile; fileRef = 5CAF511BBC69E9C03DCE9E70 /* MainTabView.swift */; };
		A2D4F631FC7F02763DC87E13 /* README.md in Resources */ = {isa = PBXBuildFile; fileRef = 7998BC17E18DB3C43150AB96 /* README.md */; };
		B46FCF1B82F1E2C774C575C8 /* Assets.xcassets in Resources */ = {isa = PBXBuildFile; fileRef = 8571D67CC83094964567B6EC /* Assets.xcassets */; };
		C6BAFA95491AD9FD2356A355 /* TransactionViewModel.swift in Sources */ = {isa = PBXBuildFile; fileRef = ED55B042578EE5C7F1CC1395 /* TransactionViewModel.swift */; };
		D5D19D5353B59294A5B0CA89 /* AppIcon.png in Resources */ = {isa = PBXBuildFile; fileRef = 2B835C63C4775DC48FA863DC /* AppIcon.png */; };
		F9EDB53C18D0F21707B43A3B /* StatisticsView.swift in Sources */ = {isa = PBXBuildFile; fileRef = 713BC67A0C8B42BD7D04C641 /* StatisticsView.swift */; };
/* End PBXBuildFile section */

/* Begin PBXFileReference section */
		085C0EE5BADBBCA07F439148 /* TransactionDetailView.swift */ = {isa = PBXFileReference; lastKnownFileType = sourcecode.swift; path = TransactionDetailView.swift; sourceTree = "<group>"; };
		11B4B6CB8C31DC2E3ECB4731 /* app-icon.svg */ = {isa = PBXFileReference; path = "app-icon.svg"; sourceTree = "<group>"; };
		2B835C63C4775DC48FA863DC /* AppIcon.png */ = {isa = PBXFileReference; lastKnownFileType = image.png; path = AppIcon.png; sourceTree = "<group>"; };
		39FF4A03EC6191CD347369E8 /* HomeView.swift */ = {isa = PBXFileReference; lastKnownFileType = sourcecode.swift; path = HomeView.swift; sourceTree = "<group>"; };
		47734E66339192F8DCB8A0D8 /* Category.swift */ = {isa = PBXFileReference; lastKnownFileType = sourcecode.swift; path = Category.swift; sourceTree = "<group>"; };
		5CAF511BBC69E9C03DCE9E70 /* MainTabView.swift */ = {isa = PBXFileReference; lastKnownFileType = sourcecode.swift; path = MainTabView.swift; sourceTree = "<group>"; };
		713BC67A0C8B42BD7D04C641 /* StatisticsView.swift */ = {isa = PBXFileReference; lastKnownFileType = sourcecode.swift; path = StatisticsView.swift; sourceTree = "<group>"; };
		723476EF08C35ADA603D2ACD /* Info.plist */ = {isa = PBXFileReference; lastKnownFileType = text.plist; path = Info.plist; sourceTree = "<group>"; };
		7998BC17E18DB3C43150AB96 /* README.md */ = {isa = PBXFileReference; lastKnownFileType = net.daringfireball.markdown; path = README.md; sourceTree = "<group>"; };
		8571D67CC83094964567B6EC /* Assets.xcassets */ = {isa = PBXFileReference; lastKnownFileType = folder.assetcatalog; path = Assets.xcassets; sourceTree = "<group>"; };
		8FCEF297A306B59E1253F86C /* BookkeepingApp.swift */ = {isa = PBXFileReference; lastKnownFileType = sourcecode.swift; path = BookkeepingApp.swift; sourceTree = "<group>"; };
		9228F0B9C05104457B56DBCA /* SettingsView.swift */ = {isa = PBXFileReference; lastKnownFileType = sourcecode.swift; path = SettingsView.swift; sourceTree = "<group>"; };
		9B6D5E2292CCF3050467425D /* Transaction.swift */ = {isa = PBXFileReference; lastKnownFileType = sourcecode.swift; path = Transaction.swift; sourceTree = "<group>"; };
		A43FF91251EE103F0C04D6FD /* Bookkeeping.app */ = {isa = PBXFileReference; includeInIndex = 0; lastKnownFileType = wrapper.application; path = Bookkeeping.app; sourceTree = BUILT_PRODUCTS_DIR; };
		C9F4DF185A803D70E7DE2A20 /* AddTransactionView.swift */ = {isa = PBXFileReference; lastKnownFileType = sourcecode.swift; path = AddTransactionView.swift; sourceTree = "<group>"; };
		ED55B042578EE5C7F1CC1395 /* TransactionViewModel.swift */ = {isa = PBXFileReference; lastKnownFileType = sourcecode.swift; path = TransactionViewModel.swift; sourceTree = "<group>"; };
/* End PBXFileReference section */

/* Begin PBXGroup section */
		17A6B28D77D45DF3D06F1B36 /* Resources */ = {
			isa = PBXGroup;
			children = (
				8571D67CC83094964567B6EC /* Assets.xcassets */,
				723476EF08C35ADA603D2ACD /* Info.plist */,
				66790A0FA3CE157580361BB8 /* AppIcon */,
			);
			path = Resources;
			sourceTree = "<group>";
		};
		34005CB96F6BA663D6045B0C /* Bookkeeping */ = {
			isa = PBXGroup;
			children = (
				8FCEF297A306B59E1253F86C /* BookkeepingApp.swift */,
				7998BC17E18DB3C43150AB96 /* README.md */,
				AAA4ABDCCACC7C530A69CA5F /* Models */,
				17A6B28D77D45DF3D06F1B36 /* Resources */,
				DD9FD20FA21264AC4E022212 /* ViewModels */,
				CC329922FC247D4746EE6D77 /* Views */,
			);
			path = Bookkeeping;
			sourceTree = "<group>";
		};
		3CB3021A6B4C2FFF3A967D04 /* Products */ = {
			isa = PBXGroup;
			children = (
				A43FF91251EE103F0C04D6FD /* Bookkeeping.app */,
			);
			name = Products;
			sourceTree = "<group>";
		};
		66790A0FA3CE157580361BB8 /* AppIcon */ = {
			isa = PBXGroup;
			children = (
				11B4B6CB8C31DC2E3ECB4731 /* app-icon.svg */,
				2B835C63C4775DC48FA863DC /* AppIcon.png */,
			);
			path = AppIcon;
			sourceTree = "<group>";
		};
		AAA4ABDCCACC7C530A69CA5F /* Models */ = {
			isa = PBXGroup;
			children = (
				47734E66339192F8DCB8A0D8 /* Category.swift */,
				9B6D5E2292CCF3050467425D /* Transaction.swift */,
			);
			path = Models;
			sourceTree = "<group>";
		};
		CC329922FC247D4746EE6D77 /* Views */ = {
			isa = PBXGroup;
			children = (
				C9F4DF185A803D70E7DE2A20 /* AddTransactionView.swift */,
				39FF4A03EC6191CD347369E8 /* HomeView.swift */,
				5CAF511BBC69E9C03DCE9E70 /* MainTabView.swift */,
				9228F0B9C05104457B56DBCA /* SettingsView.swift */,
				713BC67A0C8B42BD7D04C641 /* StatisticsView.swift */,
				085C0EE5BADBBCA07F439148 /* TransactionDetailView.swift */,
			);
			path = Views;
			sourceTree = "<group>";
		};
		D76670329EFB70DFBB617FD5 = {
			isa = PBXGroup;
			children = (
				34005CB96F6BA663D6045B0C /* Bookkeeping */,
				3CB3021A6B4C2FFF3A967D04 /* Products */,
			);
			sourceTree = "<group>";
		};
		DD9FD20FA21264AC4E022212 /* ViewModels */ = {
			isa = PBXGroup;
			children = (
				ED55B042578EE5C7F1CC1395 /* TransactionViewModel.swift */,
			);
			path = ViewModels;
			sourceTree = "<group>";
		};
/* End PBXGroup section */

/* Begin PBXNativeTarget section */
		522A2DA8409A64260A44C6BA /* Bookkeeping */ = {
			isa = PBXNativeTarget;
			buildConfigurationList = 95934DE42C00767A367677ED /* Build configuration list for PBXNativeTarget "Bookkeeping" */;
			buildPhases = (
				0513786AE598E471CDB62228 /* Sources */,
				8B02117A3F7A2882C03BE56D /* Resources */,
			);
			buildRules = (
			);
			dependencies = (
			);
			name = Bookkeeping;
			packageProductDependencies = (
			);
			productName = Bookkeeping;
			productReference = A43FF91251EE103F0C04D6FD /* Bookkeeping.app */;
			productType = "com.apple.product-type.application";
		};
/* End PBXNativeTarget section */

/* Begin PBXProject section */
		E4730B723F247C4D1F2C04F9 /* Project object */ = {
			isa = PBXProject;
			attributes = {
				BuildIndependentTargetsInParallel = YES;
				LastUpgradeCheck = 1500;
				TargetAttributes = {
					522A2DA8409A64260A44C6BA = {
						DevelopmentTeam = "";
						ProvisioningStyle = Automatic;
					};
				};
			};
			buildConfigurationList = CDC432ED11DC6B8F113C3E94 /* Build configuration list for PBXProject "Bookkeeping" */;
			compatibilityVersion = "Xcode 14.0";
			developmentRegion = en;
			hasScannedForEncodings = 0;
			knownRegions = (
				Base,
				en,
			);
			mainGroup = D76670329EFB70DFBB617FD5;
			minimizedProjectReferenceProxies = 1;
			preferredProjectObjectVersion = 54;
			projectDirPath = "";
			projectRoot = "";
			targets = (
				522A2DA8409A64260A44C6BA /* Bookkeeping */,
			);
		};
/* End PBXProject section */

/* Begin PBXResourcesBuildPhase section */
		8B02117A3F7A2882C03BE56D /* Resources */ = {
			isa = PBXResourcesBuildPhase;
			buildActionMask = 2147483647;
			files = (
				D5D19D5353B59294A5B0CA89 /* AppIcon.png in Resources */,
				B46FCF1B82F1E2C774C575C8 /* Assets.xcassets in Resources */,
				A2D4F631FC7F02763DC87E13 /* README.md in Resources */,
				3CBB372F190A7FBD9A7A76D7 /* app-icon.svg in Resources */,
			);
			runOnlyForDeploymentPostprocessing = 0;
		};
/* End PBXResourcesBuildPhase section */

/* Begin PBXSourcesBuildPhase section */
		0513786AE598E471CDB62228 /* Sources */ = {
			isa = PBXSourcesBuildPhase;
			buildActionMask = 2147483647;
			files = (
				4B6ACD1C8888989FECA652FC /* AddTransactionView.swift in Sources */,
				759D4949CF901195010E688C /* BookkeepingApp.swift in Sources */,
				5FB22C259021D2428B6C7696 /* Category.swift in Sources */,
				2891E6B15CA447B7860B5669 /* HomeView.swift in Sources */,
				84F328E7ED80BBD38DF4900E /* MainTabView.swift in Sources */,
				31F183A17E927D4426E50D05 /* SettingsView.swift in Sources */,
				F9EDB53C18D0F21707B43A3B /* StatisticsView.swift in Sources */,
				43116626E522C505A2D44793 /* Transaction.swift in Sources */,
				04997BB196E70334FCAB6309 /* TransactionDetailView.swift in Sources */,
				C6BAFA95491AD9FD2356A355 /* TransactionViewModel.swift in Sources */,
			);
			runOnlyForDeploymentPostprocessing = 0;
		};
/* End PBXSourcesBuildPhase section */

/* Begin XCBuildConfiguration section */
		0ACD0B78179E60943E6BC726 /* Debug */ = {
			isa = XCBuildConfiguration;
			buildSettings = {
				ALWAYS_SEARCH_USER_PATHS = NO;
				CLANG_ANALYZER_NONNULL = YES;
				CLANG_ANALYZER_NUMBER_OBJECT_CONVERSION = YES_AGGRESSIVE;
				CLANG_CXX_LANGUAGE_STANDARD = "gnu++14";
				CLANG_CXX_LIBRARY = "libc++";
				CLANG_ENABLE_MODULES = YES;
				CLANG_ENABLE_OBJC_ARC = YES;
				CLANG_ENABLE_OBJC_WEAK = YES;
				CLANG_WARN_BLOCK_CAPTURE_AUTORELEASING = YES;
				CLANG_WARN_BOOL_CONVERSION = YES;
				CLANG_WARN_COMMA = YES;
				CLANG_WARN_CONSTANT_CONVERSION = YES;
				CLANG_WARN_DEPRECATED_OBJC_IMPLEMENTATIONS = YES;
				CLANG_WARN_DIRECT_OBJC_ISA_USAGE = YES_ERROR;
				CLANG_WARN_DOCUMENTATION_COMMENTS = YES;
				CLANG_WARN_EMPTY_BODY = YES;
				CLANG_WARN_ENUM_CONVERSION = YES;
				CLANG_WARN_INFINITE_RECURSION = YES;
				CLANG_WARN_INT_CONVERSION = YES;
				CLANG_WARN_NON_LITERAL_NULL_CONVERSION = YES;
				CLANG_WARN_OBJC_IMPLICIT_RETAIN_SELF = YES;
				CLANG_WARN_OBJC_LITERAL_CONVERSION = YES;
				CLANG_WARN_OBJC_ROOT_CLASS = YES_ERROR;
				CLANG_WARN_QUOTED_INCLUDE_IN_FRAMEWORK_HEADER = YES;
				CLANG_WARN_RANGE_LOOP_ANALYSIS = YES;
				CLANG_WARN_STRICT_PROTOTYPES = YES;
				CLANG_WARN_SUSPICIOUS_MOVE = YES;
				CLANG_WARN_UNGUARDED_AVAILABILITY = YES_AGGRESSIVE;
				CLANG_WARN_UNREACHABLE_CODE = YES;
				CLANG_WARN__DUPLICATE_METHOD_MATCH = YES;
				CODE_SIGN_STYLE = Automatic;
				COPY_PHASE_STRIP = NO;
				CURRENT_PROJECT_VERSION = 1;
				DEBUG_INFORMATION_FORMAT = dwarf;
				DEVELOPMENT_TEAM = "";
				ENABLE_STRICT_OBJC_MSGSEND = YES;
				ENABLE_TESTABILITY = YES;
				GCC_C_LANGUAGE_STANDARD = gnu11;
				GCC_DYNAMIC_NO_PIC = NO;
				GCC_NO_COMMON_BLOCKS = YES;
				GCC_OPTIMIZATION_LEVEL = 0;
				GCC_PREPROCESSOR_DEFINITIONS = (
					"$(inherited)",
					"DEBUG=1",
				);
				GCC_WARN_64_TO_32_BIT_CONVERSION = YES;
				GCC_WARN_ABOUT_RETURN_TYPE = YES_ERROR;
				GCC_WARN_UNDECLARED_SELECTOR = YES;
				GCC_WARN_UNINITIALIZED_AUTOS = YES_AGGRESSIVE;
				GCC_WARN_UNUSED_FUNCTION = YES;
				GCC_WARN_UNUSED_VARIABLE = YES;
				INFOPLIST_FILE = Bookkeeping/Resources/Info.plist;
				IPHONEOS_DEPLOYMENT_TARGET = 17.0;
				MARKETING_VERSION = 1.0.0;
				MTL_ENABLE_DEBUG_INFO = INCLUDE_SOURCE;
				MTL_FAST_MATH = YES;
				ONLY_ACTIVE_ARCH = YES;
				PRODUCT_BUNDLE_IDENTIFIER = com.yourname.bookkeeping;
				PRODUCT_NAME = "$(TARGET_NAME)";
				SDKROOT = iphoneos;
				SWIFT_ACTIVE_COMPILATION_CONDITIONS = DEBUG;
				SWIFT_OPTIMIZATION_LEVEL = "-Onone";
				SWIFT_VERSION = 5.9;
			};
			name = Debug;
		};
		9AC4B14D3B9CA43B094E4F60 /* Debug */ = {
			isa = XCBuildConfiguration;
			buildSettings = {
				ASSETCATALOG_COMPILER_APPICON_NAME = AppIcon;
				CODE_SIGN_IDENTITY = "iPhone Developer";
				INFOPLIST_FILE = Bookkeeping/Resources/Info.plist;
				LD_RUNPATH_SEARCH_PATHS = (
					"$(inherited)",
					"@executable_path/Frameworks",
				);
				PRODUCT_BUNDLE_IDENTIFIER = com.yourname.bookkeeping;
				SDKROOT = iphoneos;
				TARGETED_DEVICE_FAMILY = "1,2";
			};
			name = Debug;
		};
		C3FF34CD56E14F65D89DA5CC /* Release */ = {
			isa = XCBuildConfiguration;
			buildSettings = {
				ASSETCATALOG_COMPILER_APPICON_NAME = AppIcon;
				CODE_SIGN_IDENTITY = "iPhone Developer";
				INFOPLIST_FILE = Bookkeeping/Resources/Info.plist;
				LD_RUNPATH_SEARCH_PATHS = (
					"$(inherited)",
					"@executable_path/Frameworks",
				);
				PRODUCT_BUNDLE_IDENTIFIER = com.yourname.bookkeeping;
				SDKROOT = iphoneos;
				TARGETED_DEVICE_FAMILY = "1,2";
			};
			name = Release;
		};
		DC1F9AC0604F0F3553C3ABFC /* Release */ = {
			isa = XCBuildConfiguration;
			buildSettings = {
				ALWAYS_SEARCH_USER_PATHS = NO;
				CLANG_ANALYZER_NONNULL = YES;
				CLANG_ANALYZER_NUMBER_OBJECT_CONVERSION = YES_AGGRESSIVE;
				CLANG_CXX_LANGUAGE_STANDARD = "gnu++14";
				CLANG_CXX_LIBRARY = "libc++";
				CLANG_ENABLE_MODULES = YES;
				CLANG_ENABLE_OBJC_ARC = YES;
				CLANG_ENABLE_OBJC_WEAK = YES;
				CLANG_WARN_BLOCK_CAPTURE_AUTORELEASING = YES;
				CLANG_WARN_BOOL_CONVERSION = YES;
				CLANG_WARN_COMMA = YES;
				CLANG_WARN_CONSTANT_CONVERSION = YES;
				CLANG_WARN_DEPRECATED_OBJC_IMPLEMENTATIONS = YES;
				CLANG_WARN_DIRECT_OBJC_ISA_USAGE = YES_ERROR;
				CLANG_WARN_DOCUMENTATION_COMMENTS = YES;
				CLANG_WARN_EMPTY_BODY = YES;
				CLANG_WARN_ENUM_CONVERSION = YES;
				CLANG_WARN_INFINITE_RECURSION = YES;
				CLANG_WARN_INT_CONVERSION = YES;
				CLANG_WARN_NON_LITERAL_NULL_CONVERSION = YES;
				CLANG_WARN_OBJC_IMPLICIT_RETAIN_SELF = YES;
				CLANG_WARN_OBJC_LITERAL_CONVERSION = YES;
				CLANG_WARN_OBJC_ROOT_CLASS = YES_ERROR;
				CLANG_WARN_QUOTED_INCLUDE_IN_FRAMEWORK_HEADER = YES;
				CLANG_WARN_RANGE_LOOP_ANALYSIS = YES;
				CLANG_WARN_STRICT_PROTOTYPES = YES;
				CLANG_WARN_SUSPICIOUS_MOVE = YES;
				CLANG_WARN_UNGUARDED_AVAILABILITY = YES_AGGRESSIVE;
				CLANG_WARN_UNREACHABLE_CODE = YES;
				CLANG_WARN__DUPLICATE_METHOD_MATCH = YES;
				CODE_SIGN_STYLE = Automatic;
				COPY_PHASE_STRIP = NO;
				CURRENT_PROJECT_VERSION = 1;
				DEBUG_INFORMATION_FORMAT = "dwarf-with-dsym";
				DEVELOPMENT_TEAM = "";
				ENABLE_NS_ASSERTIONS = NO;
				ENABLE_STRICT_OBJC_MSGSEND = YES;
				GCC_C_LANGUAGE_STANDARD = gnu11;
				GCC_NO_COMMON_BLOCKS = YES;
				GCC_WARN_64_TO_32_BIT_CONVERSION = YES;
				GCC_WARN_ABOUT_RETURN_TYPE = YES_ERROR;
				GCC_WARN_UNDECLARED_SELECTOR = YES;
				GCC_WARN_UNINITIALIZED_AUTOS = YES_AGGRESSIVE;
				GCC_WARN_UNUSED_FUNCTION = YES;
				GCC_WARN_UNUSED_VARIABLE = YES;
				INFOPLIST_FILE = Bookkeeping/Resources/Info.plist;
				IPHONEOS_DEPLOYMENT_TARGET = 17.0;
				MARKETING_VERSION = 1.0.0;
				MTL_ENABLE_DEBUG_INFO = NO;
				MTL_FAST_MATH = YES;
				PRODUCT_BUNDLE_IDENTIFIER = com.yourname.bookkeeping;
				PRODUCT_NAME = "$(TARGET_NAME)";
				SDKROOT = iphoneos;
				SWIFT_COMPILATION_MODE = wholemodule;
				SWIFT_OPTIMIZATION_LEVEL = "-O";
				SWIFT_VERSION = 5.9;
			};
			name = Release;
		};
/* End XCBuildConfiguration section */

/* Begin XCConfigurationList section */
		95934DE42C00767A367677ED /* Build configuration list for PBXNativeTarget "Bookkeeping" */ = {
			isa = XCConfigurationList;
			buildConfigurations = (
				9AC4B14D3B9CA43B094E4F60 /* Debug */,
				C3FF34CD56E14F65D89DA5CC /* Release */,
			);
			defaultConfigurationIsVisible = 0;
			defaultConfigurationName = Release;
		};
		CDC432ED11DC6B8F113C3E94 /* Build configuration list for PBXProject "Bookkeeping" */ = {
			isa = XCConfigurationList;
			buildConfigurations = (
				0ACD0B78179E60943E6BC726 /* Debug */,
				DC1F9AC0604F0F3553C3ABFC /* Release */,
			);
			defaultConfigurationIsVisible = 0;
			defaultConfigurationName = Release;
		};
/* End XCConfigurationList section */
	};
	rootObject = E4730B723F247C4D1F2C04F9 /* Project object */;
}
